// !$*UTF8*$!
{
	archiveVersion = 1;
	classes = {
	};
	objectVersion = 77;
	objects = {

/* Begin PBXContainerItemProxy section */
		7CABD3C62CB56F4100375F18 /* PBXContainerItemProxy */ = {
			isa = PBXContainerItemProxy;
			containerPortal = 7CABD3AD2CB56F4000375F18 /* Project object */;
			proxyType = 1;
			remoteGlobalIDString = 7CABD3B42CB56F4000375F18;
			remoteInfo = EcoSphere;
		};
		7CABD3D02CB56F4100375F18 /* PBXContainerItemProxy */ = {
			isa = PBXContainerItemProxy;
			containerPortal = 7CABD3AD2CB56F4000375F18 /* Project object */;
			proxyType = 1;
			remoteGlobalIDString = 7CABD3B42CB56F4000375F18;
			remoteInfo = EcoSphere;
		};
/* End PBXContainerItemProxy section */

/* Begin PBXFileReference section */
		7CABD3B52CB56F4000375F18 /* EcoSphere.app */ = {isa = PBXFileReference; explicitFileType = wrapper.application; includeInIndex = 0; path = EcoSphere.app; sourceTree = BUILT_PRODUCTS_DIR; };
		7CABD3C52CB56F4100375F18 /* EcoSphereTests.xctest */ = {isa = PBXFileReference; explicitFileType = wrapper.cfbundle; includeInIndex = 0; path = EcoSphereTests.xctest; sourceTree = BUILT_PRODUCTS_DIR; };
		7CABD3CF2CB56F4100375F18 /* EcoSphereUITests.xctest */ = {isa = PBXFileReference; explicitFileType = wrapper.cfbundle; includeInIndex = 0; path = EcoSphereUITests.xctest; sourceTree = BUILT_PRODUCTS_DIR; };
/* End PBXFileReference section */

/* Begin PBXFileSystemSynchronizedBuildFileExceptionSet section */
		7C3B59C92CDCDF9B0057B57D /* Exceptions for "EcoSphere" folder in "EcoSphereTests" target */ = {
			isa = PBXFileSystemSynchronizedBuildFileExceptionSet;
			membershipExceptions = (
				"GoogleService-Info.plist",
			);
			target = 7CABD3C42CB56F4100375F18 /* EcoSphereTests */;
		};
		7C3B59CA2CDCDF9B0057B57D /* Exceptions for "EcoSphere" folder in "EcoSphereUITests" target */ = {
			isa = PBXFileSystemSynchronizedBuildFileExceptionSet;
			membershipExceptions = (
				"GoogleService-Info.plist",
			);
			target = 7CABD3CE2CB56F4100375F18 /* EcoSphereUITests */;
		};
		7C8901B02CB5D389004C4E0F /* Exceptions for "EcoSphere" folder in "EcoSphere" target */ = {
			isa = PBXFileSystemSynchronizedBuildFileExceptionSet;
			membershipExceptions = (
				Info.plist,
			);
			target = 7CABD3B42CB56F4000375F18 /* EcoSphere */;
		};
/* End PBXFileSystemSynchronizedBuildFileExceptionSet section */

/* Begin PBXFileSystemSynchronizedRootGroup section */
		7CABD3B72CB56F4000375F18 /* EcoSphere */ = {
			isa = PBXFileSystemSynchronizedRootGroup;
			exceptions = (
				7C8901B02CB5D389004C4E0F /* Exceptions for "EcoSphere" folder in "EcoSphere" target */,
				7C3B59C92CDCDF9B0057B57D /* Exceptions for "EcoSphere" folder in "EcoSphereTests" target */,
				7C3B59CA2CDCDF9B0057B57D /* Exceptions for "EcoSphere" folder in "EcoSphereUITests" target */,
			);
			path = EcoSphere;
			sourceTree = "<group>";
		};
		7CABD3C82CB56F4100375F18 /* EcoSphereTests */ = {
			isa = PBXFileSystemSynchronizedRootGroup;
			path = EcoSphereTests;
			sourceTree = "<group>";
		};
		7CABD3D22CB56F4100375F18 /* EcoSphereUITests */ = {
			isa = PBXFileSystemSynchronizedRootGroup;
			path = EcoSphereUITests;
			sourceTree = "<group>";
		};
/* End PBXFileSystemSynchronizedRootGroup section */

/* Begin PBXFrameworksBuildPhase section */
		7CABD3B22CB56F4000375F18 /* Frameworks */ = {
			isa = PBXFrameworksBuildPhase;
			buildActionMask = 2147483647;
			files = (
			);
			runOnlyForDeploymentPostprocessing = 0;
		};
		7CABD3C22CB56F4100375F18 /* Frameworks */ = {
			isa = PBXFrameworksBuildPhase;
			buildActionMask = 2147483647;
			files = (
			);
			runOnlyForDeploymentPostprocessing = 0;
		};
		7CABD3CC2CB56F4100375F18 /* Frameworks */ = {
			isa = PBXFrameworksBuildPhase;
			buildActionMask = 2147483647;
			files = (
			);
			runOnlyForDeploymentPostprocessing = 0;
		};
/* End PBXFrameworksBuildPhase section */

/* Begin PBXGroup section */
		7CABD3AC2CB56F4000375F18 = {
			isa = PBXGroup;
			children = (
				7CABD3B72CB56F4000375F18 /* EcoSphere */,
				7CABD3C82CB56F4100375F18 /* EcoSphereTests */,
				7CABD3D22CB56F4100375F18 /* EcoSphereUITests */,
				7CABD3B62CB56F4000375F18 /* Products */,
			);
			sourceTree = "<group>";
		};
		7CABD3B62CB56F4000375F18 /* Products */ = {
			isa = PBXGroup;
			children = (
				7CABD3B52CB56F4000375F18 /* EcoSphere.app */,
				7CABD3C52CB56F4100375F18 /* EcoSphereTests.xctest */,
				7CABD3CF2CB56F4100375F18 /* EcoSphereUITests.xctest */,
			);
			name = Products;
			sourceTree = "<group>";
		};
/* End PBXGroup section */

/* Begin PBXNativeTarget section */
		7CABD3B42CB56F4000375F18 /* EcoSphere */ = {
			isa = PBXNativeTarget;
			buildConfigurationList = 7CABD3D92CB56F4100375F18 /* Build configuration list for PBXNativeTarget "EcoSphere" */;
			buildPhases = (
				7CABD3B12CB56F4000375F18 /* Sources */,
				7CABD3B22CB56F4000375F18 /* Frameworks */,
				7CABD3B32CB56F4000375F18 /* Resources */,
			);
			buildRules = (
			);
			dependencies = (
			);
			fileSystemSynchronizedGroups = (
				7CABD3B72CB56F4000375F18 /* EcoSphere */,
			);
			name = EcoSphere;
			packageProductDependencies = (
			);
			productName = EcoSphere;
			productReference = 7CABD3B52CB56F4000375F18 /* EcoSphere.app */;
			productType = "com.apple.product-type.application";
		};
		7CABD3C42CB56F4100375F18 /* EcoSphereTests */ = {
			isa = PBXNativeTarget;
			buildConfigurationList = 7CABD3DC2CB56F4100375F18 /* Build configuration list for PBXNativeTarget "EcoSphereTests" */;
			buildPhases = (
				7CABD3C12CB56F4100375F18 /* Sources */,
				7CABD3C22CB56F4100375F18 /* Frameworks */,
				7CABD3C32CB56F4100375F18 /* Resources */,
			);
			buildRules = (
			);
			dependencies = (
				7CABD3C72CB56F4100375F18 /* PBXTargetDependency */,
			);
			fileSystemSynchronizedGroups = (
				7CABD3C82CB56F4100375F18 /* EcoSphereTests */,
			);
			name = EcoSphereTests;
			productName = EcoSphereTests;
			productReference = 7CABD3C52CB56F4100375F18 /* EcoSphereTests.xctest */;
			productType = "com.apple.product-type.bundle.unit-test";
		};
		7CABD3CE2CB56F4100375F18 /* EcoSphereUITests */ = {
			isa = PBXNativeTarget;
			buildConfigurationList = 7CABD3DF2CB56F4100375F18 /* Build configuration list for PBXNativeTarget "EcoSphereUITests" */;
			buildPhases = (
				7CABD3CB2CB56F4100375F18 /* Sources */,
				7CABD3CC2CB56F4100375F18 /* Frameworks */,
				7CABD3CD2CB56F4100375F18 /* Resources */,
			);
			buildRules = (
			);
			dependencies = (
				7CABD3D12CB56F4100375F18 /* PBXTargetDependency */,
			);
			fileSystemSynchronizedGroups = (
				7CABD3D22CB56F4100375F18 /* EcoSphereUITests */,
			);
			name = EcoSphereUITests;
			productName = EcoSphereUITests;
			productReference = 7CABD3CF2CB56F4100375F18 /* EcoSphereUITests.xctest */;
			productType = "com.apple.product-type.bundle.ui-testing";
		};
/* End PBXNativeTarget section */

/* Begin PBXProject section */
		7CABD3AD2CB56F4000375F18 /* Project object */ = {
			isa = PBXProject;
			attributes = {
				BuildIndependentTargetsInParallel = 1;
				LastSwiftUpdateCheck = 1600;
				LastUpgradeCheck = 1610;
				TargetAttributes = {
					7CABD3B42CB56F4000375F18 = {
						CreatedOnToolsVersion = 16.0;
					};
					7CABD3C42CB56F4100375F18 = {
						CreatedOnToolsVersion = 16.0;
						TestTargetID = 7CABD3B42CB56F4000375F18;
					};
					7CABD3CE2CB56F4100375F18 = {
						CreatedOnToolsVersion = 16.0;
						TestTargetID = 7CABD3B42CB56F4000375F18;
					};
				};
			};
			buildConfigurationList = 7CABD3B02CB56F4000375F18 /* Build configuration list for PBXProject "EcoSphere" */;
			developmentRegion = en;
			hasScannedForEncodings = 0;
			knownRegions = (
				en,
				Base,
			);
			mainGroup = 7CABD3AC2CB56F4000375F18;
			minimizedProjectReferenceProxies = 1;
			packageReferences = (
			);
			preferredProjectObjectVersion = 77;
			productRefGroup = 7CABD3B62CB56F4000375F18 /* Products */;
			projectDirPath = "";
			projectRoot = "";
			targets = (
				7CABD3B42CB56F4000375F18 /* EcoSphere */,
				7CABD3C42CB56F4100375F18 /* EcoSphereTests */,
				7CABD3CE2CB56F4100375F18 /* EcoSphereUITests */,
			);
		};
/* End PBXProject section */

/* Begin PBXResourcesBuildPhase section */
		7CABD3B32CB56F4000375F18 /* Resources */ = {
			isa = PBXResourcesBuildPhase;
			buildActionMask = 2147483647;
			files = (
			);
			runOnlyForDeploymentPostprocessing = 0;
		};
		7CABD3C32CB56F4100375F18 /* Resources */ = {
			isa = PBXResourcesBuildPhase;
			buildActionMask = 2147483647;
			files = (
			);
			runOnlyForDeploymentPostprocessing = 0;
		};
		7CABD3CD2CB56F4100375F18 /* Resources */ = {
			isa = PBXResourcesBuildPhase;
			buildActionMask = 2147483647;
			files = (
			);
			runOnlyForDeploymentPostprocessing = 0;
		};
/* End PBXResourcesBuildPhase section */

/* Begin PBXSourcesBuildPhase section */
		7CABD3B12CB56F4000375F18 /* Sources */ = {
			isa = PBXSourcesBuildPhase;
			buildActionMask = 2147483647;
			files = (
			);
			runOnlyForDeploymentPostprocessing = 0;
		};
		7CABD3C12CB56F4100375F18 /* Sources */ = {
			isa = PBXSourcesBuildPhase;
			buildActionMask = 2147483647;
			files = (
			);
			runOnlyForDeploymentPostprocessing = 0;
		};
		7CABD3CB2CB56F4100375F18 /* Sources */ = {
			isa = PBXSourcesBuildPhase;
			buildActionMask = 2147483647;
			files = (
			);
			runOnlyForDeploymentPostprocessing = 0;
		};
/* End PBXSourcesBuildPhase section */

/* Begin PBXTargetDependency section */
		7CABD3C72CB56F4100375F18 /* PBXTargetDependency */ = {
			isa = PBXTargetDependency;
			target = 7CABD3B42CB56F4000375F18 /* EcoSphere */;
			targetProxy = 7CABD3C62CB56F4100375F18 /* PBXContainerItemProxy */;
		};
		7CABD3D12CB56F4100375F18 /* PBXTargetDependency */ = {
			isa = PBXTargetDependency;
			target = 7CABD3B42CB56F4000375F18 /* EcoSphere */;
			targetProxy = 7CABD3D02CB56F4100375F18 /* PBXContainerItemProxy */;
		};
/* End PBXTargetDependency section */

/* Begin XCBuildConfiguration section */
		7CABD3D72CB56F4100375F18 /* Debug */ = {
			isa = XCBuildConfiguration;
			buildSettings = {
				ALWAYS_SEARCH_USER_PATHS = NO;
				ASSETCATALOG_COMPILER_GENERATE_SWIFT_ASSET_SYMBOL_EXTENSIONS = YES;
				CLANG_ANALYZER_NONNULL = YES;
				CLANG_ANALYZER_NUMBER_OBJECT_CONVERSION = YES_AGGRESSIVE;
				CLANG_CXX_LANGUAGE_STANDARD = "gnu++20";
				CLANG_ENABLE_MODULES = YES;
				CLANG_ENABLE_OBJC_ARC = YES;
				CLANG_ENABLE_OBJC_WEAK = YES;
				CLANG_WARN_BLOCK_CAPTURE_AUTORELEASING = YES;
				CLANG_WARN_BOOL_CONVERSION = YES;
				CLANG_WARN_COMMA = YES;
				CLANG_WARN_CONSTANT_CONVERSION = YES;
				CLANG_WARN_DEPRECATED_OBJC_IMPLEMENTATIONS = YES;
				CLANG_WARN_DIRECT_OBJC_ISA_USAGE = YES_ERROR;
				CLANG_WARN_DOCUMENTATION_COMMENTS = YES;
				CLANG_WARN_EMPTY_BODY = YES;
				CLANG_WARN_ENUM_CONVERSION = YES;
				CLANG_WARN_INFINITE_RECURSION = YES;
				CLANG_WARN_INT_CONVERSION = YES;
				CLANG_WARN_NON_LITERAL_NULL_CONVERSION = YES;
				CLANG_WARN_OBJC_IMPLICIT_RETAIN_SELF = YES;
				CLANG_WARN_OBJC_LITERAL_CONVERSION = YES;
				CLANG_WARN_OBJC_ROOT_CLASS = YES_ERROR;
				CLANG_WARN_QUOTED_INCLUDE_IN_FRAMEWORK_HEADER = YES;
				CLANG_WARN_RANGE_LOOP_ANALYSIS = YES;
				CLANG_WARN_STRICT_PROTOTYPES = YES;
				CLANG_WARN_SUSPICIOUS_MOVE = YES;
				CLANG_WARN_UNGUARDED_AVAILABILITY = YES_AGGRESSIVE;
				CLANG_WARN_UNREACHABLE_CODE = YES;
				CLANG_WARN__DUPLICATE_METHOD_MATCH = YES;
				COPY_PHASE_STRIP = NO;
				DEBUG_INFORMATION_FORMAT = dwarf;
				ENABLE_STRICT_OBJC_MSGSEND = YES;
				ENABLE_TESTABILITY = YES;
				ENABLE_USER_SCRIPT_SANDBOXING = YES;
				GCC_C_LANGUAGE_STANDARD = gnu17;
				GCC_DYNAMIC_NO_PIC = NO;
				GCC_NO_COMMON_BLOCKS = YES;
				GCC_OPTIMIZATION_LEVEL = 0;
				GCC_PREPROCESSOR_DEFINITIONS = (
					"DEBUG=1",
					"$(inherited)",
				);
				GCC_WARN_64_TO_32_BIT_CONVERSION = YES;
				GCC_WARN_ABOUT_RETURN_TYPE = YES_ERROR;
				GCC_WARN_UNDECLARED_SELECTOR = YES;
				GCC_WARN_UNINITIALIZED_AUTOS = YES_AGGRESSIVE;
				GCC_WARN_UNUSED_FUNCTION = YES;
				GCC_WARN_UNUSED_VARIABLE = YES;
				IPHONEOS_DEPLOYMENT_TARGET = 18.0;
				LOCALIZATION_PREFERS_STRING_CATALOGS = YES;
				MTL_ENABLE_DEBUG_INFO = INCLUDE_SOURCE;
				MTL_FAST_MATH = YES;
				ONLY_ACTIVE_ARCH = YES;
				SDKROOT = iphoneos;
				SWIFT_ACTIVE_COMPILATION_CONDITIONS = "DEBUG $(inherited)";
				SWIFT_OPTIMIZATION_LEVEL = "-Onone";
			};
			name = Debug;
		};
		7CABD3D82CB56F4100375F18 /* Release */ = {
			isa = XCBuildConfiguration;
			buildSettings = {
				ALWAYS_SEARCH_USER_PATHS = NO;
				ASSETCATALOG_COMPILER_GENERATE_SWIFT_ASSET_SYMBOL_EXTENSIONS = YES;
				CLANG_ANALYZER_NONNULL = YES;
				CLANG_ANALYZER_NUMBER_OBJECT_CONVERSION = YES_AGGRESSIVE;
				CLANG_CXX_LANGUAGE_STANDARD = "gnu++20";
				CLANG_ENABLE_MODULES = YES;
				CLANG_ENABLE_OBJC_ARC = YES;
				CLANG_ENABLE_OBJC_WEAK = YES;
				CLANG_WARN_BLOCK_CAPTURE_AUTORELEASING = YES;
				CLANG_WARN_BOOL_CONVERSION = YES;
				CLANG_WARN_COMMA = YES;
				CLANG_WARN_CONSTANT_CONVERSION = YES;
				CLANG_WARN_DEPRECATED_OBJC_IMPLEMENTATIONS = YES;
				CLANG_WARN_DIRECT_OBJC_ISA_USAGE = YES_ERROR;
				CLANG_WARN_DOCUMENTATION_COMMENTS = YES;
				CLANG_WARN_EMPTY_BODY = YES;
				CLANG_WARN_ENUM_CONVERSION = YES;
				CLANG_WARN_INFINITE_RECURSION = YES;
				CLANG_WARN_INT_CONVERSION = YES;
				CLANG_WARN_NON_LITERAL_NULL_CONVERSION = YES;
				CLANG_WARN_OBJC_IMPLICIT_RETAIN_SELF = YES;
				CLANG_WARN_OBJC_LITERAL_CONVERSION = YES;
				CLANG_WARN_OBJC_ROOT_CLASS = YES_ERROR;
				CLANG_WARN_QUOTED_INCLUDE_IN_FRAMEWORK_HEADER = YES;
				CLANG_WARN_RANGE_LOOP_ANALYSIS = YES;
				CLANG_WARN_STRICT_PROTOTYPES = YES;
				CLANG_WARN_SUSPICIOUS_MOVE = YES;
				CLANG_WARN_UNGUARDED_AVAILABILITY = YES_AGGRESSIVE;
				CLANG_WARN_UNREACHABLE_CODE = YES;
				CLANG_WARN__DUPLICATE_METHOD_MATCH = YES;
				COPY_PHASE_STRIP = NO;
				DEBUG_INFORMATION_FORMAT = "dwarf-with-dsym";
				ENABLE_NS_ASSERTIONS = NO;
				ENABLE_STRICT_OBJC_MSGSEND = YES;
				ENABLE_USER_SCRIPT_SANDBOXING = YES;
				GCC_C_LANGUAGE_STANDARD = gnu17;
				GCC_NO_COMMON_BLOCKS = YES;
				GCC_WARN_64_TO_32_BIT_CONVERSION = YES;
				GCC_WARN_ABOUT_RETURN_TYPE = YES_ERROR;
				GCC_WARN_UNDECLARED_SELECTOR = YES;
				GCC_WARN_UNINITIALIZED_AUTOS = YES_AGGRESSIVE;
				GCC_WARN_UNUSED_FUNCTION = YES;
				GCC_WARN_UNUSED_VARIABLE = YES;
				IPHONEOS_DEPLOYMENT_TARGET = 18.0;
				LOCALIZATION_PREFERS_STRING_CATALOGS = YES;
				MTL_ENABLE_DEBUG_INFO = NO;
				MTL_FAST_MATH = YES;
				SDKROOT = iphoneos;
				SWIFT_COMPILATION_MODE = wholemodule;
				VALIDATE_PRODUCT = YES;
			};
			name = Release;
		};
		7CABD3DA2CB56F4100375F18 /* Debug */ = {
			isa = XCBuildConfiguration;
			buildSettings = {
				ASSETCATALOG_COMPILER_APPICON_NAME = AppIcon;
				ASSETCATALOG_COMPILER_GLOBAL_ACCENT_COLOR_NAME = AccentColor;
				CLANG_WARN_DEPRECATED_OBJC_IMPLEMENTATIONS = NO;
				CLANG_WARN_DIRECT_OBJC_ISA_USAGE = NO;
				CLANG_WARN_MISSING_NOESCAPE = NO;
				CLANG_WARN_OBJC_LITERAL_CONVERSION = NO;
				CLANG_WARN_OBJC_ROOT_CLASS = NO;
				CLANG_WARN__DUPLICATE_METHOD_MATCH = NO;
				CODE_SIGN_STYLE = Automatic;
				CURRENT_PROJECT_VERSION = 1;
				DEVELOPMENT_ASSET_PATHS = "\"EcoSphere/Preview Content\"";
				DEVELOPMENT_TEAM = 5T4FTP2952;
				ENABLE_PREVIEWS = YES;
				GCC_WARN_ALLOW_INCOMPLETE_PROTOCOL = NO;
				GCC_WARN_UNDECLARED_SELECTOR = NO;
				GENERATE_INFOPLIST_FILE = YES;
				INFOPLIST_FILE = EcoSphere/Info.plist;
				INFOPLIST_KEY_NSFileProviderDomainUsageDescription = "We need access to your files to store local data.";
				INFOPLIST_KEY_NSLocationWhenInUseUsageDescription = "We need access to your location to provide location-based tracking.";
				INFOPLIST_KEY_NSMicrophoneUsageDescription = "We need access to the microphone for recording background noise.";
				INFOPLIST_KEY_UIApplicationSceneManifest_Generation = YES;
				INFOPLIST_KEY_UIApplicationSupportsIndirectInputEvents = YES;
				INFOPLIST_KEY_UILaunchScreen_Generation = YES;
				INFOPLIST_KEY_UISupportedInterfaceOrientations_iPad = "UIInterfaceOrientationPortrait UIInterfaceOrientationPortraitUpsideDown UIInterfaceOrientationLandscapeLeft UIInterfaceOrientationLandscapeRight";
				INFOPLIST_KEY_UISupportedInterfaceOrientations_iPhone = "UIInterfaceOrientationPortrait UIInterfaceOrientationLandscapeLeft UIInterfaceOrientationLandscapeRight";
				LD_RUNPATH_SEARCH_PATHS = (
					"$(inherited)",
					"@executable_path/Frameworks",
				);
				MARKETING_VERSION = 1.0;
				PRODUCT_BUNDLE_IDENTIFIER = ID22300703.EcoSphere;
				PRODUCT_NAME = "$(TARGET_NAME)";
				SWIFT_EMIT_LOC_STRINGS = YES;
				SWIFT_VERSION = 5.0;
				TARGETED_DEVICE_FAMILY = "1,2";
			};
			name = Debug;
		};
		7CABD3DB2CB56F4100375F18 /* Release */ = {
			isa = XCBuildConfiguration;
			buildSettings = {
				ASSETCATALOG_COMPILER_APPICON_NAME = AppIcon;
				ASSETCATALOG_COMPILER_GLOBAL_ACCENT_COLOR_NAME = AccentColor;
				CLANG_WARN_DEPRECATED_OBJC_IMPLEMENTATIONS = NO;
				CLANG_WARN_DIRECT_OBJC_ISA_USAGE = NO;
				CLANG_WARN_MISSING_NOESCAPE = NO;
				CLANG_WARN_OBJC_LITERAL_CONVERSION = NO;
				CLANG_WARN_OBJC_ROOT_CLASS = NO;
				CLANG_WARN__DUPLICATE_METHOD_MATCH = NO;
				CODE_SIGN_STYLE = Automatic;
				CURRENT_PROJECT_VERSION = 1;
				DEVELOPMENT_ASSET_PATHS = "\"EcoSphere/Preview Content\"";
				DEVELOPMENT_TEAM = 5T4FTP2952;
				ENABLE_PREVIEWS = YES;
				GCC_WARN_ALLOW_INCOMPLETE_PROTOCOL = NO;
				GCC_WARN_UNDECLARED_SELECTOR = NO;
				GENERATE_INFOPLIST_FILE = YES;
				"HEADER_SEARCH_PATHS[arch=*]" = (
					"$(inherited)/**",
					"\"${PODS_CONFIGURATION_BUILD_DIR}/BoringSSL-GRPC/openssl_grpc.framework/Headers\"",
					"\"${PODS_CONFIGURATION_BUILD_DIR}/FirebaseAppCheckInterop/FirebaseAppCheckInterop.framework/Headers\"",
					"\"${PODS_CONFIGURATION_BUILD_DIR}/FirebaseAuthInterop/FirebaseAuthInterop.framework/Headers\"",
					"\"${PODS_CONFIGURATION_BUILD_DIR}/FirebaseCore/FirebaseCore.framework/Headers\"",
					"\"${PODS_CONFIGURATION_BUILD_DIR}/FirebaseCoreExtension/FirebaseCoreExtension.framework/Headers\"",
					"\"${PODS_CONFIGURATION_BUILD_DIR}/FirebaseCoreInternal/FirebaseCoreInternal.framework/Headers\"",
					"\"${PODS_CONFIGURATION_BUILD_DIR}/FirebaseFirestore/FirebaseFirestore.framework/Headers\"",
					"\"${PODS_CONFIGURATION_BUILD_DIR}/FirebaseFirestoreInternal/FirebaseFirestoreInternal.framework/Headers\"",
					"\"${PODS_CONFIGURATION_BUILD_DIR}/FirebaseSharedSwift/FirebaseSharedSwift.framework/Headers\"",
					"\"${PODS_CONFIGURATION_BUILD_DIR}/FirebaseStorage/FirebaseStorage.framework/Headers\"",
					"\"${PODS_CONFIGURATION_BUILD_DIR}/GTMSessionFetcher/GTMSessionFetcher.framework/Headers\"",
					"\"${PODS_CONFIGURATION_BUILD_DIR}/GoogleUtilities/GoogleUtilities.framework/Headers\"",
					"\"${PODS_CONFIGURATION_BUILD_DIR}/abseil/absl.framework/Headers\"",
					"\"${PODS_CONFIGURATION_BUILD_DIR}/gRPC-C++/grpcpp.framework/Headers\"",
					"\"${PODS_CONFIGURATION_BUILD_DIR}/gRPC-Core/grpc.framework/Headers\"",
					"\"${PODS_CONFIGURATION_BUILD_DIR}/leveldb-library/leveldb.framework/Headers\"",
					"\"${PODS_CONFIGURATION_BUILD_DIR}/nanopb/nanopb.framework/Headers\"",
					"\"${PODS_ROOT}/Headers/Public\"",
					"\"${PODS_ROOT}/Headers/Public/Firebase\"",
					"$(SRCROOT)/Pods/**/**",
					"$(inherited)/**",
					"${PODS_ROOT}/Firebase/CoreOnly/Sources",
				);
				INFOPLIST_FILE = EcoSphere/Info.plist;
				INFOPLIST_KEY_NSFileProviderDomainUsageDescription = "We need access to your files to store local data.";
				INFOPLIST_KEY_NSLocationWhenInUseUsageDescription = "We need access to your location to provide location-based tracking.";
				INFOPLIST_KEY_NSMicrophoneUsageDescription = "We need access to the microphone for recording background noise.";
				INFOPLIST_KEY_UIApplicationSceneManifest_Generation = YES;
				INFOPLIST_KEY_UIApplicationSupportsIndirectInputEvents = YES;
				INFOPLIST_KEY_UILaunchScreen_Generation = YES;
				INFOPLIST_KEY_UISupportedInterfaceOrientations_iPad = "UIInterfaceOrientationPortrait UIInterfaceOrientationPortraitUpsideDown UIInterfaceOrientationLandscapeLeft UIInterfaceOrientationLandscapeRight";
				INFOPLIST_KEY_UISupportedInterfaceOrientations_iPhone = "UIInterfaceOrientationPortrait UIInterfaceOrientationLandscapeLeft UIInterfaceOrientationLandscapeRight";
				LD_RUNPATH_SEARCH_PATHS = (
					"$(inherited)",
					"@executable_path/Frameworks",
				);
				MARKETING_VERSION = 1.0;
				PRODUCT_BUNDLE_IDENTIFIER = ID22300703.EcoSphere;
				PRODUCT_NAME = "$(TARGET_NAME)";
				SWIFT_EMIT_LOC_STRINGS = YES;
				SWIFT_VERSION = 5.0;
				TARGETED_DEVICE_FAMILY = "1,2";
			};
			name = Release;
		};
		7CABD3DD2CB56F4100375F18 /* Debug */ = {
			isa = XCBuildConfiguration;
			buildSettings = {
				BUNDLE_LOADER = "$(TEST_HOST)";
				CODE_SIGN_STYLE = Automatic;
				CURRENT_PROJECT_VERSION = 1;
				DEVELOPMENT_TEAM = 5T4FTP2952;
				GENERATE_INFOPLIST_FILE = YES;
				IPHONEOS_DEPLOYMENT_TARGET = 18.0;
				MARKETING_VERSION = 1.0;
				PRODUCT_BUNDLE_IDENTIFIER = ID22300703.EcoSphereTests;
				PRODUCT_NAME = "$(TARGET_NAME)";
				SWIFT_EMIT_LOC_STRINGS = NO;
				SWIFT_VERSION = 5.0;
				TARGETED_DEVICE_FAMILY = "1,2";
				TEST_HOST = "$(BUILT_PRODUCTS_DIR)/EcoSphere.app/$(BUNDLE_EXECUTABLE_FOLDER_PATH)/EcoSphere";
			};
			name = Debug;
		};
		7CABD3DE2CB56F4100375F18 /* Release */ = {
			isa = XCBuildConfiguration;
			buildSettings = {
				BUNDLE_LOADER = "$(TEST_HOST)";
				CODE_SIGN_STYLE = Automatic;
				CURRENT_PROJECT_VERSION = 1;
				DEVELOPMENT_TEAM = 5T4FTP2952;
				GENERATE_INFOPLIST_FILE = YES;
				IPHONEOS_DEPLOYMENT_TARGET = 18.0;
				MARKETING_VERSION = 1.0;
				PRODUCT_BUNDLE_IDENTIFIER = ID22300703.EcoSphereTests;
				PRODUCT_NAME = "$(TARGET_NAME)";
				SWIFT_EMIT_LOC_STRINGS = NO;
				SWIFT_VERSION = 5.0;
				TARGETED_DEVICE_FAMILY = "1,2";
				TEST_HOST = "$(BUILT_PRODUCTS_DIR)/EcoSphere.app/$(BUNDLE_EXECUTABLE_FOLDER_PATH)/EcoSphere";
			};
			name = Release;
		};
		7CABD3E02CB56F4100375F18 /* Debug */ = {
			isa = XCBuildConfiguration;
			buildSettings = {
				CODE_SIGN_STYLE = Automatic;
				CURRENT_PROJECT_VERSION = 1;
				DEVELOPMENT_TEAM = 5T4FTP2952;
				GENERATE_INFOPLIST_FILE = YES;
				MARKETING_VERSION = 1.0;
				PRODUCT_BUNDLE_IDENTIFIER = ID22300703.EcoSphereUITests;
				PRODUCT_NAME = "$(TARGET_NAME)";
				SWIFT_EMIT_LOC_STRINGS = NO;
				SWIFT_VERSION = 5.0;
				TARGETED_DEVICE_FAMILY = "1,2";
				TEST_TARGET_NAME = EcoSphere;
			};
			name = Debug;
		};
		7CABD3E12CB56F4100375F18 /* Release */ = {
			isa = XCBuildConfiguration;
			buildSettings = {
				CODE_SIGN_STYLE = Automatic;
				CURRENT_PROJECT_VERSION = 1;
				DEVELOPMENT_TEAM = 5T4FTP2952;
				GENERATE_INFOPLIST_FILE = YES;
				MARKETING_VERSION = 1.0;
				PRODUCT_BUNDLE_IDENTIFIER = ID22300703.EcoSphereUITests;
				PRODUCT_NAME = "$(TARGET_NAME)";
				SWIFT_EMIT_LOC_STRINGS = NO;
				SWIFT_VERSION = 5.0;
				TARGETED_DEVICE_FAMILY = "1,2";
				TEST_TARGET_NAME = EcoSphere;
			};
			name = Release;
		};
/* End XCBuildConfiguration section */

/* Begin XCConfigurationList section */
		7CABD3B02CB56F4000375F18 /* Build configuration list for PBXProject "EcoSphere" */ = {
			isa = XCConfigurationList;
			buildConfigurations = (
				7CABD3D72CB56F4100375F18 /* Debug */,
				7CABD3D82CB56F4100375F18 /* Release */,
			);
			defaultConfigurationIsVisible = 0;
			defaultConfigurationName = Release;
		};
		7CABD3D92CB56F4100375F18 /* Build configuration list for PBXNativeTarget "EcoSphere" */ = {
			isa = XCConfigurationList;
			buildConfigurations = (
				7CABD3DA2CB56F4100375F18 /* Debug */,
				7CABD3DB2CB56F4100375F18 /* Release */,
			);
			defaultConfigurationIsVisible = 0;
			defaultConfigurationName = Release;
		};
		7CABD3DC2CB56F4100375F18 /* Build configuration list for PBXNativeTarget "EcoSphereTests" */ = {
			isa = XCConfigurationList;
			buildConfigurations = (
				7CABD3DD2CB56F4100375F18 /* Debug */,
				7CABD3DE2CB56F4100375F18 /* Release */,
			);
			defaultConfigurationIsVisible = 0;
			defaultConfigurationName = Release;
		};
		7CABD3DF2CB56F4100375F18 /* Build configuration list for PBXNativeTarget "EcoSphereUITests" */ = {
			isa = XCConfigurationList;
			buildConfigurations = (
				7CABD3E02CB56F4100375F18 /* Debug */,
				7CABD3E12CB56F4100375F18 /* Release */,
			);
			defaultConfigurationIsVisible = 0;
			defaultConfigurationName = Release;
		};
/* End XCConfigurationList section */
	};
	rootObject = 7CABD3AD2CB56F4000375F18 /* Project object */;
}
